
Microsoft Visual Studio Solution File, Format Version 12.00
# Visual Studio Version 17
VisualStudioVersion = 17.11.35327.3
MinimumVisualStudioVersion = 10.0.40219.1
Project("{9A19103F-16F7-4668-BE54-9A1E7A4F7556}") = "movers_admin", "movers_admin\movers_admin.csproj", "{64F4C5D2-343A-4E62-8E2D-586FB2072526}"
EndProject
Project("{FAE04EC0-301F-11D3-BF4B-00C04F79EFBC}") = "movers_lib", "movers_lib\movers_lib.csproj", "{43E8264A-9D04-43FC-A15A-5AFF49CD832F}"
EndProject
Global
	GlobalSection(SolutionConfigurationPlatforms) = preSolution
		Debug|Any CPU = Debug|Any CPU
		Release|Any CPU = Release|Any CPU
	EndGlobalSection
	GlobalSection(ProjectConfigurationPlatforms) = postSolution
		{64F4C5D2-343A-4E62-8E2D-586FB2072526}.Debug|Any CPU.ActiveCfg = Debug|Any CPU
		{64F4C5D2-343A-4E62-8E2D-586FB2072526}.Debug|Any CPU.Build.0 = Debug|Any CPU
		{64F4C5D2-343A-4E62-8E2D-586FB2072526}.Release|Any CPU.ActiveCfg = Release|Any CPU
		{64F4C5D2-343A-4E62-8E2D-586FB2072526}.Release|Any CPU.Build.0 = Release|Any CPU
		{43E8264A-9D04-43FC-A15A-5AFF49CD832F}.Debug|Any CPU.ActiveCfg = Debug|Any CPU
		{43E8264A-9D04-43FC-A15A-5AFF49CD832F}.Debug|Any CPU.Build.0 = Debug|Any CPU
		{43E8264A-9D04-43FC-A15A-5AFF49CD832F}.Release|Any CPU.ActiveCfg = Release|Any CPU
		{43E8264A-9D04-43FC-A15A-5AFF49CD832F}.Release|Any CPU.Build.0 = Release|Any CPU
	EndGlobalSection
	GlobalSection(SolutionProperties) = preSolution
		HideSolutionNode = FALSE
	EndGlobalSection
	GlobalSection(ExtensibilityGlobals) = postSolution
		SolutionGuid = {3DA73CD7-FD1F-471A-B8EC-6A263CC126B0}
	EndGlobalSection
EndGlobal
